
Microsoft Visual Studio Solution File, Format Version 12.00
# Visual Studio 2013
VisualStudioVersion = 12.0.21005.1
MinimumVisualStudioVersion = 10.0.40219.1
Project("{FAE04EC0-301F-11D3-BF4B-00C04F79EFBC}") = "VenusChallengeGUI", "VenusChallengeGUI\VenusChallengeGUI\VenusChallengeGUI.csproj", "{5F9411B9-343C-400A-8973-B7E8EDED1597}"
EndProject
Project("{96E2B04D-8817-42C6-938A-82C39BA4D311}") = "VenusChallengeGUIContent", "VenusChallengeGUI\VenusChallengeGUIContent\VenusChallengeGUIContent.contentproj", "{3E398629-4CEC-4925-8A8F-DF225501C8EC}"
EndProject
Global
	GlobalSection(SolutionConfigurationPlatforms) = preSolution
		Debug|x86 = Debug|x86
		Release|x86 = Release|x86
	EndGlobalSection
	GlobalSection(ProjectConfigurationPlatforms) = postSolution
		{5F9411B9-343C-400A-8973-B7E8EDED1597}.Debug|x86.ActiveCfg = Debug|x86
		{5F9411B9-343C-400A-8973-B7E8EDED1597}.Debug|x86.Build.0 = Debug|x86
		{5F9411B9-343C-400A-8973-B7E8EDED1597}.Release|x86.ActiveCfg = Release|x86
		{5F9411B9-343C-400A-8973-B7E8EDED1597}.Release|x86.Build.0 = Release|x86
		{3E398629-4CEC-4925-8A8F-DF225501C8EC}.Debug|x86.ActiveCfg = Debug|x86
		{3E398629-4CEC-4925-8A8F-DF225501C8EC}.Release|x86.ActiveCfg = Release|x86
	EndGlobalSection
	GlobalSection(SolutionProperties) = preSolution
		HideSolutionNode = FALSE
	EndGlobalSection
EndGlobal
